
Microsoft Visual Studio Solution File, Format Version 12.00
# Visual Studio Version 17
VisualStudioVersion = 17.3.32929.385
MinimumVisualStudioVersion = 10.0.40219.1
Project("{9A19103F-16F7-4668-BE54-9A1E7A4F7556}") = "PlayerRegistry", "PlayerRegistry\PlayerRegistry.csproj", "{A0976AAF-68D7-4674-874D-C3C33E9B1AFF}"
EndProject
Global
	GlobalSection(SolutionConfigurationPlatforms) = preSolution
		Debug|Any CPU = Debug|Any CPU
		Release|Any CPU = Release|Any CPU
	EndGlobalSection
	GlobalSection(ProjectConfigurationPlatforms) = postSolution
		{A0976AAF-68D7-4674-874D-C3C33E9B1AFF}.Debug|Any CPU.ActiveCfg = Debug|Any CPU
		{A0976AAF-68D7-4674-874D-C3C33E9B1AFF}.Debug|Any CPU.Build.0 = Debug|Any CPU
		{A0976AAF-68D7-4674-874D-C3C33E9B1AFF}.Release|Any CPU.ActiveCfg = Release|Any CPU
		{A0976AAF-68D7-4674-874D-C3C33E9B1AFF}.Release|Any CPU.Build.0 = Release|Any CPU
	EndGlobalSection
	GlobalSection(SolutionProperties) = preSolution
		HideSolutionNode = FALSE
	EndGlobalSection
	GlobalSection(ExtensibilityGlobals) = postSolution
		SolutionGuid = {D7553D3A-FFBB-42D0-B7D1-EB23F74AF486}
	EndGlobalSection
EndGlobal
